
Microsoft Visual Studio Solution File, Format Version 12.00
# Visual Studio Version 17
VisualStudioVersion = 17.11.35327.3
MinimumVisualStudioVersion = 10.0.40219.1
Project("{FAE04EC0-301F-11D3-BF4B-00C04F79EFBC}") = "Home_Work_Module_10", "Home_Work_Module_10\Home_Work_Module_10.csproj", "{DB6FBBA0-2A5F-4B4A-B26A-F7A35ECB8B65}"
EndProject
Project("{FAE04EC0-301F-11D3-BF4B-00C04F79EFBC}") = "Home_Work_Module_10(2 Chapter)", "Home_Work_Module_10(2 Chapter)\Home_Work_Module_10(2 Chapter).csproj", "{D809AC31-E7C1-480D-8844-8DD397DF980D}"
EndProject
Project("{FAE04EC0-301F-11D3-BF4B-00C04F79EFBC}") = "Home_Work_Module_10_2", "Home_Work_Module_10_2\Home_Work_Module_10_2.csproj", "{5DC179EA-3D86-46E0-A618-D5A8F2231F2A}"
EndProject
Global
	GlobalSection(SolutionConfigurationPlatforms) = preSolution
		Debug|Any CPU = Debug|Any CPU
		Release|Any CPU = Release|Any CPU
	EndGlobalSection
	GlobalSection(ProjectConfigurationPlatforms) = postSolution
		{DB6FBBA0-2A5F-4B4A-B26A-F7A35ECB8B65}.Debug|Any CPU.ActiveCfg = Debug|Any CPU
		{DB6FBBA0-2A5F-4B4A-B26A-F7A35ECB8B65}.Debug|Any CPU.Build.0 = Debug|Any CPU
		{DB6FBBA0-2A5F-4B4A-B26A-F7A35ECB8B65}.Release|Any CPU.ActiveCfg = Release|Any CPU
		{DB6FBBA0-2A5F-4B4A-B26A-F7A35ECB8B65}.Release|Any CPU.Build.0 = Release|Any CPU
		{D809AC31-E7C1-480D-8844-8DD397DF980D}.Debug|Any CPU.ActiveCfg = Debug|Any CPU
		{D809AC31-E7C1-480D-8844-8DD397DF980D}.Debug|Any CPU.Build.0 = Debug|Any CPU
		{D809AC31-E7C1-480D-8844-8DD397DF980D}.Release|Any CPU.ActiveCfg = Release|Any CPU
		{D809AC31-E7C1-480D-8844-8DD397DF980D}.Release|Any CPU.Build.0 = Release|Any CPU
		{5DC179EA-3D86-46E0-A618-D5A8F2231F2A}.Debug|Any CPU.ActiveCfg = Debug|Any CPU
		{5DC179EA-3D86-46E0-A618-D5A8F2231F2A}.Debug|Any CPU.Build.0 = Debug|Any CPU
		{5DC179EA-3D86-46E0-A618-D5A8F2231F2A}.Release|Any CPU.ActiveCfg = Release|Any CPU
		{5DC179EA-3D86-46E0-A618-D5A8F2231F2A}.Release|Any CPU.Build.0 = Release|Any CPU
	EndGlobalSection
	GlobalSection(SolutionProperties) = preSolution
		HideSolutionNode = FALSE
	EndGlobalSection
	GlobalSection(ExtensibilityGlobals) = postSolution
		SolutionGuid = {7F9823AB-1010-44DE-BDAB-9CD46A286C66}
	EndGlobalSection
EndGlobal
